
Microsoft Visual Studio Solution File, Format Version 12.00
# Visual Studio Version 17
VisualStudioVersion = 17.5.33530.505
MinimumVisualStudioVersion = 10.0.40219.1
Project("{9A19103F-16F7-4668-BE54-9A1E7A4F7556}") = "GenShapeMakingKernelsC", "GenShapeMakingKernelsC\GenShapeMakingKernelsC.csproj", "{55054BC5-E7A2-4346-B8B4-F72E1499434D}"
EndProject
Global
	GlobalSection(SolutionConfigurationPlatforms) = preSolution
		Debug|Any CPU = Debug|Any CPU
		Release|Any CPU = Release|Any CPU
	EndGlobalSection
	GlobalSection(ProjectConfigurationPlatforms) = postSolution
		{55054BC5-E7A2-4346-B8B4-F72E1499434D}.Debug|Any CPU.ActiveCfg = Debug|Any CPU
		{55054BC5-E7A2-4346-B8B4-F72E1499434D}.Debug|Any CPU.Build.0 = Debug|Any CPU
		{55054BC5-E7A2-4346-B8B4-F72E1499434D}.Release|Any CPU.ActiveCfg = Release|Any CPU
		{55054BC5-E7A2-4346-B8B4-F72E1499434D}.Release|Any CPU.Build.0 = Release|Any CPU
	EndGlobalSection
	GlobalSection(SolutionProperties) = preSolution
		HideSolutionNode = FALSE
	EndGlobalSection
	GlobalSection(ExtensibilityGlobals) = postSolution
		SolutionGuid = {817594BA-224E-4C91-B23F-C6AE4ACAAEBD}
	EndGlobalSection
EndGlobal
